
Microsoft Visual Studio Solution File, Format Version 12.00
# Visual Studio 15
VisualStudioVersion = 15.0.27130.2020
MinimumVisualStudioVersion = 10.0.40219.1
Project("{FAE04EC0-301F-11D3-BF4B-00C04F79EFBC}") = "Wpf_BaiduWebMapDemo", "Wpf_BaiduWebMapDemo\Wpf_BaiduWebMapDemo.csproj", "{26FE3178-897D-4E40-A30B-AD594A25A881}"
EndProject
Global
	GlobalSection(SolutionConfigurationPlatforms) = preSolution
		Debug|Any CPU = Debug|Any CPU
		Release|Any CPU = Release|Any CPU
	EndGlobalSection
	GlobalSection(ProjectConfigurationPlatforms) = postSolution
		{26FE3178-897D-4E40-A30B-AD594A25A881}.Debug|Any CPU.ActiveCfg = Debug|Any CPU
		{26FE3178-897D-4E40-A30B-AD594A25A881}.Debug|Any CPU.Build.0 = Debug|Any CPU
		{26FE3178-897D-4E40-A30B-AD594A25A881}.Release|Any CPU.ActiveCfg = Release|Any CPU
		{26FE3178-897D-4E40-A30B-AD594A25A881}.Release|Any CPU.Build.0 = Release|Any CPU
	EndGlobalSection
	GlobalSection(SolutionProperties) = preSolution
		HideSolutionNode = FALSE
	EndGlobalSection
	GlobalSection(ExtensibilityGlobals) = postSolution
		SolutionGuid = {1DC763A1-1DC4-40B4-B1F3-40F757433E6D}
	EndGlobalSection
EndGlobal
